
Microsoft Visual Studio Solution File, Format Version 12.00
# Visual Studio Version 16
VisualStudioVersion = 16.0.29519.181
MinimumVisualStudioVersion = 10.0.40219.1
Project("{FAE04EC0-301F-11D3-BF4B-00C04F79EFBC}") = "PenguinHelperLibrary", "PenguinHelperLibrary\PenguinHelperLibrary.csproj", "{B2842AEB-D4E3-4E62-A663-418FE045B6B1}"
EndProject
Project("{FAE04EC0-301F-11D3-BF4B-00C04F79EFBC}") = "PenguinHelperLibrary.Tests", "PenguinHelperLibrary.Tests\PenguinHelperLibrary.Tests.csproj", "{41D96044-12DB-410A-8F20-F3237381801F}"
EndProject
Project("{2150E333-8FDC-42A3-9474-1A3956D46DE8}") = "Solution Items", "Solution Items", "{7F76028F-BB72-4A29-8335-A377A065DB61}"
	ProjectSection(SolutionItems) = preProject
		.editorconfig = .editorconfig
	EndProjectSection
EndProject
Global
	GlobalSection(SolutionConfigurationPlatforms) = preSolution
		Debug|Any CPU = Debug|Any CPU
		Release|Any CPU = Release|Any CPU
	EndGlobalSection
	GlobalSection(ProjectConfigurationPlatforms) = postSolution
		{B2842AEB-D4E3-4E62-A663-418FE045B6B1}.Debug|Any CPU.ActiveCfg = Debug|Any CPU
		{B2842AEB-D4E3-4E62-A663-418FE045B6B1}.Debug|Any CPU.Build.0 = Debug|Any CPU
		{B2842AEB-D4E3-4E62-A663-418FE045B6B1}.Release|Any CPU.ActiveCfg = Release|Any CPU
		{B2842AEB-D4E3-4E62-A663-418FE045B6B1}.Release|Any CPU.Build.0 = Release|Any CPU
		{41D96044-12DB-410A-8F20-F3237381801F}.Debug|Any CPU.ActiveCfg = Debug|Any CPU
		{41D96044-12DB-410A-8F20-F3237381801F}.Debug|Any CPU.Build.0 = Debug|Any CPU
		{41D96044-12DB-410A-8F20-F3237381801F}.Release|Any CPU.ActiveCfg = Release|Any CPU
		{41D96044-12DB-410A-8F20-F3237381801F}.Release|Any CPU.Build.0 = Release|Any CPU
	EndGlobalSection
	GlobalSection(SolutionProperties) = preSolution
		HideSolutionNode = FALSE
	EndGlobalSection
	GlobalSection(ExtensibilityGlobals) = postSolution
		SolutionGuid = {B03C2304-9F37-4C8D-AE76-FEEAD2DB4352}
	EndGlobalSection
EndGlobal
